
github.com/go-sql-driver/mysql v1.6.0 h1:OI25tbey7GgvKOR6mGLgmKaGLUumWlsYQWpxBOo55CY=
github.com/go-sql-driver/mysql v1.6.0/go.mod h1:xSV/dG07+rwV107/PoC/WeAgJk2l5++kI2uzoxfgCzw=
github.com/gorilla/mux v1.8.0 h1:YtPYdb9VPvXexuodQ9NCK0/seQHpMJtNdinHl68iQQo=
github.com/gorilla/mux v1.8.0/go.mod h1:BBpX9EvESIvdjkEuXD127lA3cCesKSUyTebPUZgx0PI=
github.com/kelseyhightower/envconfig v1.4.0 h1:O7BWhHYqXNqDcTayAFxlXx96S+mxX6IoHlJ/H+psnng=
github.com/kelseyhightower/envconfig v1.4.0/go.mod h1:v4YsziNv62CDYm5PMoj6iCdJirgZBq3Oy5icG8AEwMo=
github.com/lib/pq v1.10.4 h1:8BA726djZSWuKw7fB/xa7nShrLwa3lXdMPChnNbnv4c=
github.com/lib/pq v1.10.4/go.mod h1:VUSpNZbHbDPW/qjzSzkeL0xLUgibyDR2UGcy6iTpSJM=
google.golang.org/grpc v1.41.0 h1:OR6WzZc+J0plGDUV4N5bOJkLMZT4PxkVsNcfxH2FlAc=
google.golang.org/grpc v1.41.0/go.mod h1:IMmMb1cZh04TdCV8exhhf9dX3wBVQQztyL9k+IFPgK8=
google.golang.org/protobuf v1.27.1 h1:VIT1ctodMJjKUNlNxVG8fqfmMxnaiAFmpkIKR4M3jlE=
google.golang.org/protobuf v1.27.1/go.mod h1:x76qD3mvPFH9Hmb+gNHEo1YbHg2n/PldpJNW40+gPdk=
